
Microsoft Visual Studio Solution File, Format Version 12.00
# Visual Studio Version 16
VisualStudioVersion = 16.0.30128.74
MinimumVisualStudioVersion = 10.0.40219.1
Project("{888888A0-9F3D-457C-B088-3A5042F75D52}") = "PaymentConversion", "PaymentConversion.pyproj", "{C81C09E6-C7A2-4B76-A9F4-4F4AE0704946}"
EndProject
Global
	GlobalSection(SolutionConfigurationPlatforms) = preSolution
		Debug|Any CPU = Debug|Any CPU
		Release|Any CPU = Release|Any CPU
	EndGlobalSection
	GlobalSection(ProjectConfigurationPlatforms) = postSolution
		{C81C09E6-C7A2-4B76-A9F4-4F4AE0704946}.Debug|Any CPU.ActiveCfg = Debug|Any CPU
		{C81C09E6-C7A2-4B76-A9F4-4F4AE0704946}.Debug|Any CPU.Build.0 = Debug|Any CPU
		{C81C09E6-C7A2-4B76-A9F4-4F4AE0704946}.Release|Any CPU.ActiveCfg = Release|Any CPU
		{C81C09E6-C7A2-4B76-A9F4-4F4AE0704946}.Release|Any CPU.Build.0 = Release|Any CPU
	EndGlobalSection
	GlobalSection(SolutionProperties) = preSolution
		HideSolutionNode = FALSE
	EndGlobalSection
	GlobalSection(ExtensibilityGlobals) = postSolution
		SolutionGuid = {928FA484-C78F-45EB-B557-09641E810569}
	EndGlobalSection
EndGlobal
